
Microsoft Visual Studio Solution File, Format Version 12.00
# Visual Studio 15
VisualStudioVersion = 15.0.28307.1022
MinimumVisualStudioVersion = 10.0.40219.1
Project("{FAE04EC0-301F-11D3-BF4B-00C04F79EFBC}") = "ConsoleApp4", "ConsoleApp4\ConsoleApp4.csproj", "{CC50EA46-3399-4717-9D36-7D0674AC0C2B}"
EndProject
Global
	GlobalSection(SolutionConfigurationPlatforms) = preSolution
		Debug|Any CPU = Debug|Any CPU
		Release|Any CPU = Release|Any CPU
	EndGlobalSection
	GlobalSection(ProjectConfigurationPlatforms) = postSolution
		{CC50EA46-3399-4717-9D36-7D0674AC0C2B}.Debug|Any CPU.ActiveCfg = Debug|Any CPU
		{CC50EA46-3399-4717-9D36-7D0674AC0C2B}.Debug|Any CPU.Build.0 = Debug|Any CPU
		{CC50EA46-3399-4717-9D36-7D0674AC0C2B}.Release|Any CPU.ActiveCfg = Release|Any CPU
		{CC50EA46-3399-4717-9D36-7D0674AC0C2B}.Release|Any CPU.Build.0 = Release|Any CPU
	EndGlobalSection
	GlobalSection(SolutionProperties) = preSolution
		HideSolutionNode = FALSE
	EndGlobalSection
	GlobalSection(ExtensibilityGlobals) = postSolution
		SolutionGuid = {C3C780CA-A853-486D-9033-97B8EF332041}
	EndGlobalSection
EndGlobal
