
Microsoft Visual Studio Solution File, Format Version 12.00
# Visual Studio 15
VisualStudioVersion = 15.0.28307.1022
MinimumVisualStudioVersion = 10.0.40219.1
Project("{FAE04EC0-301F-11D3-BF4B-00C04F79EFBC}") = "GenericApplication", "GenericApplication\GenericApplication.csproj", "{261102B6-5B82-474D-8ED4-3227CFEEE097}"
EndProject
Global
	GlobalSection(SolutionConfigurationPlatforms) = preSolution
		Debug|Any CPU = Debug|Any CPU
		Release|Any CPU = Release|Any CPU
	EndGlobalSection
	GlobalSection(ProjectConfigurationPlatforms) = postSolution
		{261102B6-5B82-474D-8ED4-3227CFEEE097}.Debug|Any CPU.ActiveCfg = Debug|Any CPU
		{261102B6-5B82-474D-8ED4-3227CFEEE097}.Debug|Any CPU.Build.0 = Debug|Any CPU
		{261102B6-5B82-474D-8ED4-3227CFEEE097}.Release|Any CPU.ActiveCfg = Release|Any CPU
		{261102B6-5B82-474D-8ED4-3227CFEEE097}.Release|Any CPU.Build.0 = Release|Any CPU
	EndGlobalSection
	GlobalSection(SolutionProperties) = preSolution
		HideSolutionNode = FALSE
	EndGlobalSection
	GlobalSection(ExtensibilityGlobals) = postSolution
		SolutionGuid = {2C57EABF-CD89-4920-9F74-616476058DA3}
	EndGlobalSection
EndGlobal
